
Microsoft Visual Studio Solution File, Format Version 12.00
# Visual Studio Version 16
VisualStudioVersion = 16.0.35026.282
MinimumVisualStudioVersion = 10.0.40219.1
Project("{FAE04EC0-301F-11D3-BF4B-00C04F79EFBC}") = "ArraysAndLists", "ArraysAndLists\ArraysAndLists.csproj", "{B052D0A9-2299-4216-B6E3-7083422D82DE}"
EndProject
Global
	GlobalSection(SolutionConfigurationPlatforms) = preSolution
		Debug|Any CPU = Debug|Any CPU
		Release|Any CPU = Release|Any CPU
	EndGlobalSection
	GlobalSection(ProjectConfigurationPlatforms) = postSolution
		{B052D0A9-2299-4216-B6E3-7083422D82DE}.Debug|Any CPU.ActiveCfg = Debug|Any CPU
		{B052D0A9-2299-4216-B6E3-7083422D82DE}.Debug|Any CPU.Build.0 = Debug|Any CPU
		{B052D0A9-2299-4216-B6E3-7083422D82DE}.Release|Any CPU.ActiveCfg = Release|Any CPU
		{B052D0A9-2299-4216-B6E3-7083422D82DE}.Release|Any CPU.Build.0 = Release|Any CPU
	EndGlobalSection
	GlobalSection(SolutionProperties) = preSolution
		HideSolutionNode = FALSE
	EndGlobalSection
	GlobalSection(ExtensibilityGlobals) = postSolution
		SolutionGuid = {068F5185-002A-444A-A98D-A086721709B9}
	EndGlobalSection
EndGlobal
